
Microsoft Visual Studio Solution File, Format Version 12.00
# Visual Studio 2012
Project("{8BC9CEB8-8B4A-11D0-8D11-00A0C91BC942}") = "PR4.6", "PR4.6.vcxproj", "{59693908-BC93-46EB-8E83-73CD1F253896}"
EndProject
Global
	GlobalSection(SolutionConfigurationPlatforms) = preSolution
		Debug|Win32 = Debug|Win32
		Release|Win32 = Release|Win32
	EndGlobalSection
	GlobalSection(ProjectConfigurationPlatforms) = postSolution
		{59693908-BC93-46EB-8E83-73CD1F253896}.Debug|Win32.ActiveCfg = Debug|Win32
		{59693908-BC93-46EB-8E83-73CD1F253896}.Debug|Win32.Build.0 = Debug|Win32
		{59693908-BC93-46EB-8E83-73CD1F253896}.Release|Win32.ActiveCfg = Release|Win32
		{59693908-BC93-46EB-8E83-73CD1F253896}.Release|Win32.Build.0 = Release|Win32
	EndGlobalSection
	GlobalSection(SolutionProperties) = preSolution
		HideSolutionNode = FALSE
	EndGlobalSection
EndGlobal
